
Microsoft Visual Studio Solution File, Format Version 12.00
# Visual Studio Version 17
VisualStudioVersion = 17.7.34031.279
MinimumVisualStudioVersion = 10.0.40219.1
Project("{FAE04EC0-301F-11D3-BF4B-00C04F79EFBC}") = "groupTask", "groupTask\groupTask.csproj", "{283A71D0-3A9C-4FCF-A047-FDCDBCD97F51}"
EndProject
Global
	GlobalSection(SolutionConfigurationPlatforms) = preSolution
		Debug|Any CPU = Debug|Any CPU
		Release|Any CPU = Release|Any CPU
	EndGlobalSection
	GlobalSection(ProjectConfigurationPlatforms) = postSolution
		{283A71D0-3A9C-4FCF-A047-FDCDBCD97F51}.Debug|Any CPU.ActiveCfg = Debug|Any CPU
		{283A71D0-3A9C-4FCF-A047-FDCDBCD97F51}.Debug|Any CPU.Build.0 = Debug|Any CPU
		{283A71D0-3A9C-4FCF-A047-FDCDBCD97F51}.Release|Any CPU.ActiveCfg = Release|Any CPU
		{283A71D0-3A9C-4FCF-A047-FDCDBCD97F51}.Release|Any CPU.Build.0 = Release|Any CPU
	EndGlobalSection
	GlobalSection(SolutionProperties) = preSolution
		HideSolutionNode = FALSE
	EndGlobalSection
	GlobalSection(ExtensibilityGlobals) = postSolution
		SolutionGuid = {CE422D3D-48E9-4EE4-BE9E-53583A4FFEF0}
	EndGlobalSection
EndGlobal
